<Solution>
  <Folder Name="/Domain/">
    <Project Path="Domain/DiaryService.Domain.Repositories.Abstractions/DiaryService.Domain.Repositories.Abstractions.csproj" />
    <Project Path="Domain/DiaryService.Domain/DiaryService.Domain.csproj" />
    <Project Path="Domain/DiaryService.ValueObjects/DiaryService.ValueObjects.csproj" />
    <Project Path="Domain/DomainApp/DomainApp.csproj" />
  </Folder>
</Solution>
