<Solution>
  <Folder Name="/Domain/">
    <Project Path="Domain/DiaryService.Domain.Repositories.Abstractions/DiaryService.Domain.Repositories.Abstractions.csproj" />
    <Project Path="Domain/DiaryService.Domain/DiaryService.Domain.csproj" />
    <Project Path="Domain/DiaryService.ValueObjects/DiaryService.ValueObjects.csproj" />
    <Project Path="Domain/DomainApp/DomainApp.csproj" />
  </Folder>
  <Folder Name="/Infrastructure/">
    <Project Path="Infrastructure/DiaryService.Infrastructure.EntityFramework/DiaryService.Infrastructure.EntityFramework.csproj" />
  </Folder>
  <Folder Name="/Presentation/">
    <Project Path="Presentation/DiaryService.WebHost/DiaryService.WebHost.csproj" Id="7beedc99-7ec2-4b31-9146-83fbb3c758c2" />
  </Folder>
</Solution>
